// !$*UTF8*$!
{
	archiveVersion = 1;
	classes = {
	};
	objectVersion = 50;
	objects = {

/* Begin PBXBuildFile section */
		F26646BF23B744AE0037339F /* AppDelegate.swift in Sources */ = {isa = PBXBuildFile; fileRef = F26646BE23B744AE0037339F /* AppDelegate.swift */; };
		F26646C123B744AE0037339F /* SceneDelegate.swift in Sources */ = {isa = PBXBuildFile; fileRef = F26646C023B744AE0037339F /* SceneDelegate.swift */; };
		F26646C323B744AE0037339F /* ContentView.swift in Sources */ = {isa = PBXBuildFile; fileRef = F26646C223B744AE0037339F /* ContentView.swift */; };
		F26646C523B744B00037339F /* Assets.xcassets in Resources */ = {isa = PBXBuildFile; fileRef = F26646C423B744B00037339F /* Assets.xcassets */; };
		F26646C823B744B00037339F /* Preview Assets.xcassets in Resources */ = {isa = PBXBuildFile; fileRef = F26646C723B744B00037339F /* Preview Assets.xcassets */; };
		F26646CB23B744B00037339F /* LaunchScreen.storyboard in Resources */ = {isa = PBXBuildFile; fileRef = F26646C923B744B00037339F /* LaunchScreen.storyboard */; };
		F26646D323B7451B0037339F /* WorldClockView.swift in Sources */ = {isa = PBXBuildFile; fileRef = F26646D223B7451B0037339F /* WorldClockView.swift */; };
		F26646D523B747590037339F /* TimeZoneListItemView.swift in Sources */ = {isa = PBXBuildFile; fileRef = F26646D423B747590037339F /* TimeZoneListItemView.swift */; };
		F26646D723B74EBC0037339F /* TimeView.swift in Sources */ = {isa = PBXBuildFile; fileRef = F26646D623B74EBC0037339F /* TimeView.swift */; };
		F26646DB23B75F590037339F /* TimeZoneSelectionView.swift in Sources */ = {isa = PBXBuildFile; fileRef = F26646DA23B75F590037339F /* TimeZoneSelectionView.swift */; };
		F26646DD23B76B730037339F /* TimeZone+Extensions.swift in Sources */ = {isa = PBXBuildFile; fileRef = F26646DC23B76B730037339F /* TimeZone+Extensions.swift */; };
		F26646DF23B818010037339F /* SearchField.swift in Sources */ = {isa = PBXBuildFile; fileRef = F26646DE23B818010037339F /* SearchField.swift */; };
		F2B8421923B8309B004FAC3F /* TimeZone+Identifiable.swift in Sources */ = {isa = PBXBuildFile; fileRef = F2B8421823B8309B004FAC3F /* TimeZone+Identifiable.swift */; };
/* End PBXBuildFile section */

/* Begin PBXFileReference section */
		F26646BB23B744AE0037339F /* CopyClock.app */ = {isa = PBXFileReference; explicitFileType = wrapper.application; includeInIndex = 0; path = CopyClock.app; sourceTree = BUILT_PRODUCTS_DIR; };
		F26646BE23B744AE0037339F /* AppDelegate.swift */ = {isa = PBXFileReference; lastKnownFileType = sourcecode.swift; path = AppDelegate.swift; sourceTree = "<group>"; };
		F26646C023B744AE0037339F /* SceneDelegate.swift */ = {isa = PBXFileReference; lastKnownFileType = sourcecode.swift; path = SceneDelegate.swift; sourceTree = "<group>"; };
		F26646C223B744AE0037339F /* ContentView.swift */ = {isa = PBXFileReference; lastKnownFileType = sourcecode.swift; path = ContentView.swift; sourceTree = "<group>"; };
		F26646C423B744B00037339F /* Assets.xcassets */ = {isa = PBXFileReference; lastKnownFileType = folder.assetcatalog; path = Assets.xcassets; sourceTree = "<group>"; };
		F26646C723B744B00037339F /* Preview Assets.xcassets */ = {isa = PBXFileReference; lastKnownFileType = folder.assetcatalog; path = "Preview Assets.xcassets"; sourceTree = "<group>"; };
		F26646CA23B744B00037339F /* Base */ = {isa = PBXFileReference; lastKnownFileType = file.storyboard; name = Base; path = Base.lproj/LaunchScreen.storyboard; sourceTree = "<group>"; };
		F26646CC23B744B00037339F /* Info.plist */ = {isa = PBXFileReference; lastKnownFileType = text.plist.xml; path = Info.plist; sourceTree = "<group>"; };
		F26646D223B7451B0037339F /* WorldClockView.swift */ = {isa = PBXFileReference; lastKnownFileType = sourcecode.swift; path = WorldClockView.swift; sourceTree = "<group>"; };
		F26646D423B747590037339F /* TimeZoneListItemView.swift */ = {isa = PBXFileReference; lastKnownFileType = sourcecode.swift; path = TimeZoneListItemView.swift; sourceTree = "<group>"; };
		F26646D623B74EBC0037339F /* TimeView.swift */ = {isa = PBXFileReference; lastKnownFileType = sourcecode.swift; path = TimeView.swift; sourceTree = "<group>"; };
		F26646DA23B75F590037339F /* TimeZoneSelectionView.swift */ = {isa = PBXFileReference; lastKnownFileType = sourcecode.swift; path = TimeZoneSelectionView.swift; sourceTree = "<group>"; };
		F26646DC23B76B730037339F /* TimeZone+Extensions.swift */ = {isa = PBXFileReference; lastKnownFileType = sourcecode.swift; path = "TimeZone+Extensions.swift"; sourceTree = "<group>"; };
		F26646DE23B818010037339F /* SearchField.swift */ = {isa = PBXFileReference; lastKnownFileType = sourcecode.swift; path = SearchField.swift; sourceTree = "<group>"; };
		F2B8421823B8309B004FAC3F /* TimeZone+Identifiable.swift */ = {isa = PBXFileReference; lastKnownFileType = sourcecode.swift; path = "TimeZone+Identifiable.swift"; sourceTree = "<group>"; };
/* End PBXFileReference section */

/* Begin PBXFrameworksBuildPhase section */
		F26646B823B744AE0037339F /* Frameworks */ = {
			isa = PBXFrameworksBuildPhase;
			buildActionMask = 2147483647;
			files = (
			);
			runOnlyForDeploymentPostprocessing = 0;
		};
/* End PBXFrameworksBuildPhase section */

/* Begin PBXGroup section */
		F26646B223B744AE0037339F = {
			isa = PBXGroup;
			children = (
				F26646BD23B744AE0037339F /* CopyClock */,
				F26646BC23B744AE0037339F /* Products */,
			);
			sourceTree = "<group>";
		};
		F26646BC23B744AE0037339F /* Products */ = {
			isa = PBXGroup;
			children = (
				F26646BB23B744AE0037339F /* CopyClock.app */,
			);
			name = Products;
			sourceTree = "<group>";
		};
		F26646BD23B744AE0037339F /* CopyClock */ = {
			isa = PBXGroup;
			children = (
				F2B8421823B8309B004FAC3F /* TimeZone+Identifiable.swift */,
				F26646DC23B76B730037339F /* TimeZone+Extensions.swift */,
				F26646DE23B818010037339F /* SearchField.swift */,
				F26646DA23B75F590037339F /* TimeZoneSelectionView.swift */,
				F26646D223B7451B0037339F /* WorldClockView.swift */,
				F26646D423B747590037339F /* TimeZoneListItemView.swift */,
				F26646D623B74EBC0037339F /* TimeView.swift */,
				F26646BE23B744AE0037339F /* AppDelegate.swift */,
				F26646C023B744AE0037339F /* SceneDelegate.swift */,
				F26646C223B744AE0037339F /* ContentView.swift */,
				F26646C423B744B00037339F /* Assets.xcassets */,
				F26646C923B744B00037339F /* LaunchScreen.storyboard */,
				F26646CC23B744B00037339F /* Info.plist */,
				F26646C623B744B00037339F /* Preview Content */,
			);
			path = CopyClock;
			sourceTree = "<group>";
		};
		F26646C623B744B00037339F /* Preview Content */ = {
			isa = PBXGroup;
			children = (
				F26646C723B744B00037339F /* Preview Assets.xcassets */,
			);
			path = "Preview Content";
			sourceTree = "<group>";
		};
/* End PBXGroup section */

/* Begin PBXNativeTarget section */
		F26646BA23B744AE0037339F /* CopyClock */ = {
			isa = PBXNativeTarget;
			buildConfigurationList = F26646CF23B744B00037339F /* Build configuration list for PBXNativeTarget "CopyClock" */;
			buildPhases = (
				F26646B723B744AE0037339F /* Sources */,
				F26646B823B744AE0037339F /* Frameworks */,
				F26646B923B744AE0037339F /* Resources */,
			);
			buildRules = (
			);
			dependencies = (
			);
			name = CopyClock;
			productName = CopyClock;
			productReference = F26646BB23B744AE0037339F /* CopyClock.app */;
			productType = "com.apple.product-type.application";
		};
/* End PBXNativeTarget section */

/* Begin PBXProject section */
		F26646B323B744AE0037339F /* Project object */ = {
			isa = PBXProject;
			attributes = {
				LastSwiftUpdateCheck = 1130;
				LastUpgradeCheck = 1130;
				ORGANIZATIONNAME = "Jerel Miller";
				TargetAttributes = {
					F26646BA23B744AE0037339F = {
						CreatedOnToolsVersion = 11.3;
					};
				};
			};
			buildConfigurationList = F26646B623B744AE0037339F /* Build configuration list for PBXProject "CopyClock" */;
			compatibilityVersion = "Xcode 9.3";
			developmentRegion = en;
			hasScannedForEncodings = 0;
			knownRegions = (
				en,
				Base,
			);
			mainGroup = F26646B223B744AE0037339F;
			productRefGroup = F26646BC23B744AE0037339F /* Products */;
			projectDirPath = "";
			projectRoot = "";
			targets = (
				F26646BA23B744AE0037339F /* CopyClock */,
			);
		};
/* End PBXProject section */

/* Begin PBXResourcesBuildPhase section */
		F26646B923B744AE0037339F /* Resources */ = {
			isa = PBXResourcesBuildPhase;
			buildActionMask = 2147483647;
			files = (
				F26646CB23B744B00037339F /* LaunchScreen.storyboard in Resources */,
				F26646C823B744B00037339F /* Preview Assets.xcassets in Resources */,
				F26646C523B744B00037339F /* Assets.xcassets in Resources */,
			);
			runOnlyForDeploymentPostprocessing = 0;
		};
/* End PBXResourcesBuildPhase section */

/* Begin PBXSourcesBuildPhase section */
		F26646B723B744AE0037339F /* Sources */ = {
			isa = PBXSourcesBuildPhase;
			buildActionMask = 2147483647;
			files = (
				F2B8421923B8309B004FAC3F /* TimeZone+Identifiable.swift in Sources */,
				F26646DF23B818010037339F /* SearchField.swift in Sources */,
				F26646DB23B75F590037339F /* TimeZoneSelectionView.swift in Sources */,
				F26646D323B7451B0037339F /* WorldClockView.swift in Sources */,
				F26646DD23B76B730037339F /* TimeZone+Extensions.swift in Sources */,
				F26646D523B747590037339F /* TimeZoneListItemView.swift in Sources */,
				F26646BF23B744AE0037339F /* AppDelegate.swift in Sources */,
				F26646C123B744AE0037339F /* SceneDelegate.swift in Sources */,
				F26646C323B744AE0037339F /* ContentView.swift in Sources */,
				F26646D723B74EBC0037339F /* TimeView.swift in Sources */,
			);
			runOnlyForDeploymentPostprocessing = 0;
		};
/* End PBXSourcesBuildPhase section */

/* Begin PBXVariantGroup section */
		F26646C923B744B00037339F /* LaunchScreen.storyboard */ = {
			isa = PBXVariantGroup;
			children = (
				F26646CA23B744B00037339F /* Base */,
			);
			name = LaunchScreen.storyboard;
			sourceTree = "<group>";
		};
/* End PBXVariantGroup section */

/* Begin XCBuildConfiguration section */
		F26646CD23B744B00037339F /* Debug */ = {
			isa = XCBuildConfiguration;
			buildSettings = {
				ALWAYS_SEARCH_USER_PATHS = NO;
				CLANG_ANALYZER_NONNULL = YES;
				CLANG_ANALYZER_NUMBER_OBJECT_CONVERSION = YES_AGGRESSIVE;
				CLANG_CXX_LANGUAGE_STANDARD = "gnu++14";
				CLANG_CXX_LIBRARY = "libc++";
				CLANG_ENABLE_MODULES = YES;
				CLANG_ENABLE_OBJC_ARC = YES;
				CLANG_ENABLE_OBJC_WEAK = YES;
				CLANG_WARN_BLOCK_CAPTURE_AUTORELEASING = YES;
				CLANG_WARN_BOOL_CONVERSION = YES;
				CLANG_WARN_COMMA = YES;
				CLANG_WARN_CONSTANT_CONVERSION = YES;
				CLANG_WARN_DEPRECATED_OBJC_IMPLEMENTATIONS = YES;
				CLANG_WARN_DIRECT_OBJC_ISA_USAGE = YES_ERROR;
				CLANG_WARN_DOCUMENTATION_COMMENTS = YES;
				CLANG_WARN_EMPTY_BODY = YES;
				CLANG_WARN_ENUM_CONVERSION = YES;
				CLANG_WARN_INFINITE_RECURSION = YES;
				CLANG_WARN_INT_CONVERSION = YES;
				CLANG_WARN_NON_LITERAL_NULL_CONVERSION = YES;
				CLANG_WARN_OBJC_IMPLICIT_RETAIN_SELF = YES;
				CLANG_WARN_OBJC_LITERAL_CONVERSION = YES;
				CLANG_WARN_OBJC_ROOT_CLASS = YES_ERROR;
				CLANG_WARN_RANGE_LOOP_ANALYSIS = YES;
				CLANG_WARN_STRICT_PROTOTYPES = YES;
				CLANG_WARN_SUSPICIOUS_MOVE = YES;
				CLANG_WARN_UNGUARDED_AVAILABILITY = YES_AGGRESSIVE;
				CLANG_WARN_UNREACHABLE_CODE = YES;
				CLANG_WARN__DUPLICATE_METHOD_MATCH = YES;
				COPY_PHASE_STRIP = NO;
				DEBUG_INFORMATION_FORMAT = dwarf;
				ENABLE_STRICT_OBJC_MSGSEND = YES;
				ENABLE_TESTABILITY = YES;
				GCC_C_LANGUAGE_STANDARD = gnu11;
				GCC_DYNAMIC_NO_PIC = NO;
				GCC_NO_COMMON_BLOCKS = YES;
				GCC_OPTIMIZATION_LEVEL = 0;
				GCC_PREPROCESSOR_DEFINITIONS = (
					"DEBUG=1",
					"$(inherited)",
				);
				GCC_WARN_64_TO_32_BIT_CONVERSION = YES;
				GCC_WARN_ABOUT_RETURN_TYPE = YES_ERROR;
				GCC_WARN_UNDECLARED_SELECTOR = YES;
				GCC_WARN_UNINITIALIZED_AUTOS = YES_AGGRESSIVE;
				GCC_WARN_UNUSED_FUNCTION = YES;
				GCC_WARN_UNUSED_VARIABLE = YES;
				IPHONEOS_DEPLOYMENT_TARGET = 13.2;
				MTL_ENABLE_DEBUG_INFO = INCLUDE_SOURCE;
				MTL_FAST_MATH = YES;
				ONLY_ACTIVE_ARCH = YES;
				SDKROOT = iphoneos;
				SWIFT_ACTIVE_COMPILATION_CONDITIONS = DEBUG;
				SWIFT_OPTIMIZATION_LEVEL = "-Onone";
			};
			name = Debug;
		};
		F26646CE23B744B00037339F /* Release */ = {
			isa = XCBuildConfiguration;
			buildSettings = {
				ALWAYS_SEARCH_USER_PATHS = NO;
				CLANG_ANALYZER_NONNULL = YES;
				CLANG_ANALYZER_NUMBER_OBJECT_CONVERSION = YES_AGGRESSIVE;
				CLANG_CXX_LANGUAGE_STANDARD = "gnu++14";
				CLANG_CXX_LIBRARY = "libc++";
				CLANG_ENABLE_MODULES = YES;
				CLANG_ENABLE_OBJC_ARC = YES;
				CLANG_ENABLE_OBJC_WEAK = YES;
				CLANG_WARN_BLOCK_CAPTURE_AUTORELEASING = YES;
				CLANG_WARN_BOOL_CONVERSION = YES;
				CLANG_WARN_COMMA = YES;
				CLANG_WARN_CONSTANT_CONVERSION = YES;
				CLANG_WARN_DEPRECATED_OBJC_IMPLEMENTATIONS = YES;
				CLANG_WARN_DIRECT_OBJC_ISA_USAGE = YES_ERROR;
				CLANG_WARN_DOCUMENTATION_COMMENTS = YES;
				CLANG_WARN_EMPTY_BODY = YES;
				CLANG_WARN_ENUM_CONVERSION = YES;
				CLANG_WARN_INFINITE_RECURSION = YES;
				CLANG_WARN_INT_CONVERSION = YES;
				CLANG_WARN_NON_LITERAL_NULL_CONVERSION = YES;
				CLANG_WARN_OBJC_IMPLICIT_RETAIN_SELF = YES;
				CLANG_WARN_OBJC_LITERAL_CONVERSION = YES;
				CLANG_WARN_OBJC_ROOT_CLASS = YES_ERROR;
				CLANG_WARN_RANGE_LOOP_ANALYSIS = YES;
				CLANG_WARN_STRICT_PROTOTYPES = YES;
				CLANG_WARN_SUSPICIOUS_MOVE = YES;
				CLANG_WARN_UNGUARDED_AVAILABILITY = YES_AGGRESSIVE;
				CLANG_WARN_UNREACHABLE_CODE = YES;
				CLANG_WARN__DUPLICATE_METHOD_MATCH = YES;
				COPY_PHASE_STRIP = NO;
				DEBUG_INFORMATION_FORMAT = "dwarf-with-dsym";
				ENABLE_NS_ASSERTIONS = NO;
				ENABLE_STRICT_OBJC_MSGSEND = YES;
				GCC_C_LANGUAGE_STANDARD = gnu11;
				GCC_NO_COMMON_BLOCKS = YES;
				GCC_WARN_64_TO_32_BIT_CONVERSION = YES;
				GCC_WARN_ABOUT_RETURN_TYPE = YES_ERROR;
				GCC_WARN_UNDECLARED_SELECTOR = YES;
				GCC_WARN_UNINITIALIZED_AUTOS = YES_AGGRESSIVE;
				GCC_WARN_UNUSED_FUNCTION = YES;
				GCC_WARN_UNUSED_VARIABLE = YES;
				IPHONEOS_DEPLOYMENT_TARGET = 13.2;
				MTL_ENABLE_DEBUG_INFO = NO;
				MTL_FAST_MATH = YES;
				SDKROOT = iphoneos;
				SWIFT_COMPILATION_MODE = wholemodule;
				SWIFT_OPTIMIZATION_LEVEL = "-O";
				VALIDATE_PRODUCT = YES;
			};
			name = Release;
		};
		F26646D023B744B00037339F /* Debug */ = {
			isa = XCBuildConfiguration;
			buildSettings = {
				ASSETCATALOG_COMPILER_APPICON_NAME = AppIcon;
				CODE_SIGN_STYLE = Automatic;
				DEVELOPMENT_ASSET_PATHS = "\"CopyClock/Preview Content\"";
				DEVELOPMENT_TEAM = UV6VE82T3R;
				ENABLE_PREVIEWS = YES;
				INFOPLIST_FILE = CopyClock/Info.plist;
				LD_RUNPATH_SEARCH_PATHS = (
					"$(inherited)",
					"@executable_path/Frameworks",
				);
				PRODUCT_BUNDLE_IDENTIFIER = com.jerelmiller.CopyClock;
				PRODUCT_NAME = "$(TARGET_NAME)";
				SWIFT_VERSION = 5.0;
				TARGETED_DEVICE_FAMILY = "1,2";
			};
			name = Debug;
		};
		F26646D123B744B00037339F /* Release */ = {
			isa = XCBuildConfiguration;
			buildSettings = {
				ASSETCATALOG_COMPILER_APPICON_NAME = AppIcon;
				CODE_SIGN_STYLE = Automatic;
				DEVELOPMENT_ASSET_PATHS = "\"CopyClock/Preview Content\"";
				DEVELOPMENT_TEAM = UV6VE82T3R;
				ENABLE_PREVIEWS = YES;
				INFOPLIST_FILE = CopyClock/Info.plist;
				LD_RUNPATH_SEARCH_PATHS = (
					"$(inherited)",
					"@executable_path/Frameworks",
				);
				PRODUCT_BUNDLE_IDENTIFIER = com.jerelmiller.CopyClock;
				PRODUCT_NAME = "$(TARGET_NAME)";
				SWIFT_VERSION = 5.0;
				TARGETED_DEVICE_FAMILY = "1,2";
			};
			name = Release;
		};
/* End XCBuildConfiguration section */

/* Begin XCConfigurationList section */
		F26646B623B744AE0037339F /* Build configuration list for PBXProject "CopyClock" */ = {
			isa = XCConfigurationList;
			buildConfigurations = (
				F26646CD23B744B00037339F /* Debug */,
				F26646CE23B744B00037339F /* Release */,
			);
			defaultConfigurationIsVisible = 0;
			defaultConfigurationName = Release;
		};
		F26646CF23B744B00037339F /* Build configuration list for PBXNativeTarget "CopyClock" */ = {
			isa = XCConfigurationList;
			buildConfigurations = (
				F26646D023B744B00037339F /* Debug */,
				F26646D123B744B00037339F /* Release */,
			);
			defaultConfigurationIsVisible = 0;
			defaultConfigurationName = Release;
		};
/* End XCConfigurationList section */
	};
	rootObject = F26646B323B744AE0037339F /* Project object */;
}
